// !$*UTF8*$!
{
	archiveVersion = 1;
	classes = {
	};
	objectVersion = 56;
	objects = {

/* Begin PBXBuildFile section */
		183ABFE328F956BF00987970 /* DataModel.swift in Sources */ = {isa = PBXBuildFile; fileRef = 183ABFE228F956BF00987970 /* DataModel.swift */; };
		183ABFE728F959B900987970 /* FileManagerExtensions.swift in Sources */ = {isa = PBXBuildFile; fileRef = 183ABFE628F959B900987970 /* FileManagerExtensions.swift */; };
		183ABFE928F95EFC00987970 /* GridItemView.swift in Sources */ = {isa = PBXBuildFile; fileRef = 183ABFE828F95EFC00987970 /* GridItemView.swift */; };
		18CB476928F93CAB00595770 /* SinglePageApp.swift in Sources */ = {isa = PBXBuildFile; fileRef = 18CB476828F93CAB00595770 /* SinglePageApp.swift */; };
		18CB476B28F93CAB00595770 /* ContentView.swift in Sources */ = {isa = PBXBuildFile; fileRef = 18CB476A28F93CAB00595770 /* ContentView.swift */; };
		18CB476D28F93CB100595770 /* Assets.xcassets in Resources */ = {isa = PBXBuildFile; fileRef = 18CB476C28F93CB100595770 /* Assets.xcassets */; };
		18CB477028F93CB100595770 /* Preview Assets.xcassets in Resources */ = {isa = PBXBuildFile; fileRef = 18CB476F28F93CB100595770 /* Preview Assets.xcassets */; };
		18CB477A28F93CB200595770 /* SinglePageTests.swift in Sources */ = {isa = PBXBuildFile; fileRef = 18CB477928F93CB200595770 /* SinglePageTests.swift */; };
		18CB478428F93CB200595770 /* SinglePageUITests.swift in Sources */ = {isa = PBXBuildFile; fileRef = 18CB478328F93CB200595770 /* SinglePageUITests.swift */; };
		18CB478628F93CB200595770 /* SinglePageUITestsLaunchTests.swift in Sources */ = {isa = PBXBuildFile; fileRef = 18CB478528F93CB200595770 /* SinglePageUITestsLaunchTests.swift */; };
		18CB479328F93ED400595770 /* AboutView.swift in Sources */ = {isa = PBXBuildFile; fileRef = 18CB479228F93ED400595770 /* AboutView.swift */; };
		18CB479528F9400100595770 /* BooksView.swift in Sources */ = {isa = PBXBuildFile; fileRef = 18CB479428F9400100595770 /* BooksView.swift */; };
/* End PBXBuildFile section */

/* Begin PBXContainerItemProxy section */
		18CB477628F93CB200595770 /* PBXContainerItemProxy */ = {
			isa = PBXContainerItemProxy;
			containerPortal = 18CB475D28F93CAB00595770 /* Project object */;
			proxyType = 1;
			remoteGlobalIDString = 18CB476428F93CAB00595770;
			remoteInfo = SinglePage;
		};
		18CB478028F93CB200595770 /* PBXContainerItemProxy */ = {
			isa = PBXContainerItemProxy;
			containerPortal = 18CB475D28F93CAB00595770 /* Project object */;
			proxyType = 1;
			remoteGlobalIDString = 18CB476428F93CAB00595770;
			remoteInfo = SinglePage;
		};
/* End PBXContainerItemProxy section */

/* Begin PBXFileReference section */
		183ABFE228F956BF00987970 /* DataModel.swift */ = {isa = PBXFileReference; lastKnownFileType = sourcecode.swift; path = DataModel.swift; sourceTree = "<group>"; };
		183ABFE628F959B900987970 /* FileManagerExtensions.swift */ = {isa = PBXFileReference; lastKnownFileType = sourcecode.swift; path = FileManagerExtensions.swift; sourceTree = "<group>"; };
		183ABFE828F95EFC00987970 /* GridItemView.swift */ = {isa = PBXFileReference; lastKnownFileType = sourcecode.swift; path = GridItemView.swift; sourceTree = "<group>"; };
		18CB476528F93CAB00595770 /* SinglePage.app */ = {isa = PBXFileReference; explicitFileType = wrapper.application; includeInIndex = 0; path = SinglePage.app; sourceTree = BUILT_PRODUCTS_DIR; };
		18CB476828F93CAB00595770 /* SinglePageApp.swift */ = {isa = PBXFileReference; lastKnownFileType = sourcecode.swift; path = SinglePageApp.swift; sourceTree = "<group>"; };
		18CB476A28F93CAB00595770 /* ContentView.swift */ = {isa = PBXFileReference; lastKnownFileType = sourcecode.swift; path = ContentView.swift; sourceTree = "<group>"; };
		18CB476C28F93CB100595770 /* Assets.xcassets */ = {isa = PBXFileReference; lastKnownFileType = folder.assetcatalog; path = Assets.xcassets; sourceTree = "<group>"; };
		18CB476F28F93CB100595770 /* Preview Assets.xcassets */ = {isa = PBXFileReference; lastKnownFileType = folder.assetcatalog; path = "Preview Assets.xcassets"; sourceTree = "<group>"; };
		18CB477528F93CB200595770 /* SinglePageTests.xctest */ = {isa = PBXFileReference; explicitFileType = wrapper.cfbundle; includeInIndex = 0; path = SinglePageTests.xctest; sourceTree = BUILT_PRODUCTS_DIR; };
		18CB477928F93CB200595770 /* SinglePageTests.swift */ = {isa = PBXFileReference; lastKnownFileType = sourcecode.swift; path = SinglePageTests.swift; sourceTree = "<group>"; };
		18CB477F28F93CB200595770 /* SinglePageUITests.xctest */ = {isa = PBXFileReference; explicitFileType = wrapper.cfbundle; includeInIndex = 0; path = SinglePageUITests.xctest; sourceTree = BUILT_PRODUCTS_DIR; };
		18CB478328F93CB200595770 /* SinglePageUITests.swift */ = {isa = PBXFileReference; lastKnownFileType = sourcecode.swift; path = SinglePageUITests.swift; sourceTree = "<group>"; };
		18CB478528F93CB200595770 /* SinglePageUITestsLaunchTests.swift */ = {isa = PBXFileReference; lastKnownFileType = sourcecode.swift; path = SinglePageUITestsLaunchTests.swift; sourceTree = "<group>"; };
		18CB479228F93ED400595770 /* AboutView.swift */ = {isa = PBXFileReference; lastKnownFileType = sourcecode.swift; path = AboutView.swift; sourceTree = "<group>"; };
		18CB479428F9400100595770 /* BooksView.swift */ = {isa = PBXFileReference; lastKnownFileType = sourcecode.swift; path = BooksView.swift; sourceTree = "<group>"; };
/* End PBXFileReference section */

/* Begin PBXFrameworksBuildPhase section */
		18CB476228F93CAB00595770 /* Frameworks */ = {
			isa = PBXFrameworksBuildPhase;
			buildActionMask = 2147483647;
			files = (
			);
			runOnlyForDeploymentPostprocessing = 0;
		};
		18CB477228F93CB200595770 /* Frameworks */ = {
			isa = PBXFrameworksBuildPhase;
			buildActionMask = 2147483647;
			files = (
			);
			runOnlyForDeploymentPostprocessing = 0;
		};
		18CB477C28F93CB200595770 /* Frameworks */ = {
			isa = PBXFrameworksBuildPhase;
			buildActionMask = 2147483647;
			files = (
			);
			runOnlyForDeploymentPostprocessing = 0;
		};
/* End PBXFrameworksBuildPhase section */

/* Begin PBXGroup section */
		18CB475C28F93CAB00595770 = {
			isa = PBXGroup;
			children = (
				18CB476728F93CAB00595770 /* SinglePage */,
				18CB477828F93CB200595770 /* SinglePageTests */,
				18CB478228F93CB200595770 /* SinglePageUITests */,
				18CB476628F93CAB00595770 /* Products */,
			);
			sourceTree = "<group>";
		};
		18CB476628F93CAB00595770 /* Products */ = {
			isa = PBXGroup;
			children = (
				18CB476528F93CAB00595770 /* SinglePage.app */,
				18CB477528F93CB200595770 /* SinglePageTests.xctest */,
				18CB477F28F93CB200595770 /* SinglePageUITests.xctest */,
			);
			name = Products;
			sourceTree = "<group>";
		};
		18CB476728F93CAB00595770 /* SinglePage */ = {
			isa = PBXGroup;
			children = (
				18CB476828F93CAB00595770 /* SinglePageApp.swift */,
				183ABFE828F95EFC00987970 /* GridItemView.swift */,
				183ABFE228F956BF00987970 /* DataModel.swift */,
				183ABFE628F959B900987970 /* FileManagerExtensions.swift */,
				18CB476A28F93CAB00595770 /* ContentView.swift */,
				18CB479428F9400100595770 /* BooksView.swift */,
				18CB479228F93ED400595770 /* AboutView.swift */,
				18CB476C28F93CB100595770 /* Assets.xcassets */,
				18CB476E28F93CB100595770 /* Preview Content */,
			);
			path = SinglePage;
			sourceTree = "<group>";
		};
		18CB476E28F93CB100595770 /* Preview Content */ = {
			isa = PBXGroup;
			children = (
				18CB476F28F93CB100595770 /* Preview Assets.xcassets */,
			);
			path = "Preview Content";
			sourceTree = "<group>";
		};
		18CB477828F93CB200595770 /* SinglePageTests */ = {
			isa = PBXGroup;
			children = (
				18CB477928F93CB200595770 /* SinglePageTests.swift */,
			);
			path = SinglePageTests;
			sourceTree = "<group>";
		};
		18CB478228F93CB200595770 /* SinglePageUITests */ = {
			isa = PBXGroup;
			children = (
				18CB478328F93CB200595770 /* SinglePageUITests.swift */,
				18CB478528F93CB200595770 /* SinglePageUITestsLaunchTests.swift */,
			);
			path = SinglePageUITests;
			sourceTree = "<group>";
		};
/* End PBXGroup section */

/* Begin PBXNativeTarget section */
		18CB476428F93CAB00595770 /* SinglePage */ = {
			isa = PBXNativeTarget;
			buildConfigurationList = 18CB478928F93CB200595770 /* Build configuration list for PBXNativeTarget "SinglePage" */;
			buildPhases = (
				18CB476128F93CAB00595770 /* Sources */,
				18CB476228F93CAB00595770 /* Frameworks */,
				18CB476328F93CAB00595770 /* Resources */,
			);
			buildRules = (
			);
			dependencies = (
			);
			name = SinglePage;
			productName = SinglePage;
			productReference = 18CB476528F93CAB00595770 /* SinglePage.app */;
			productType = "com.apple.product-type.application";
		};
		18CB477428F93CB200595770 /* SinglePageTests */ = {
			isa = PBXNativeTarget;
			buildConfigurationList = 18CB478C28F93CB200595770 /* Build configuration list for PBXNativeTarget "SinglePageTests" */;
			buildPhases = (
				18CB477128F93CB200595770 /* Sources */,
				18CB477228F93CB200595770 /* Frameworks */,
				18CB477328F93CB200595770 /* Resources */,
			);
			buildRules = (
			);
			dependencies = (
				18CB477728F93CB200595770 /* PBXTargetDependency */,
			);
			name = SinglePageTests;
			productName = SinglePageTests;
			productReference = 18CB477528F93CB200595770 /* SinglePageTests.xctest */;
			productType = "com.apple.product-type.bundle.unit-test";
		};
		18CB477E28F93CB200595770 /* SinglePageUITests */ = {
			isa = PBXNativeTarget;
			buildConfigurationList = 18CB478F28F93CB200595770 /* Build configuration list for PBXNativeTarget "SinglePageUITests" */;
			buildPhases = (
				18CB477B28F93CB200595770 /* Sources */,
				18CB477C28F93CB200595770 /* Frameworks */,
				18CB477D28F93CB200595770 /* Resources */,
			);
			buildRules = (
			);
			dependencies = (
				18CB478128F93CB200595770 /* PBXTargetDependency */,
			);
			name = SinglePageUITests;
			productName = SinglePageUITests;
			productReference = 18CB477F28F93CB200595770 /* SinglePageUITests.xctest */;
			productType = "com.apple.product-type.bundle.ui-testing";
		};
/* End PBXNativeTarget section */

/* Begin PBXProject section */
		18CB475D28F93CAB00595770 /* Project object */ = {
			isa = PBXProject;
			attributes = {
				BuildIndependentTargetsInParallel = 1;
				LastSwiftUpdateCheck = 1400;
				LastUpgradeCheck = 1400;
				TargetAttributes = {
					18CB476428F93CAB00595770 = {
						CreatedOnToolsVersion = 14.0.1;
					};
					18CB477428F93CB200595770 = {
						CreatedOnToolsVersion = 14.0.1;
						TestTargetID = 18CB476428F93CAB00595770;
					};
					18CB477E28F93CB200595770 = {
						CreatedOnToolsVersion = 14.0.1;
						TestTargetID = 18CB476428F93CAB00595770;
					};
				};
			};
			buildConfigurationList = 18CB476028F93CAB00595770 /* Build configuration list for PBXProject "SinglePage" */;
			compatibilityVersion = "Xcode 14.0";
			developmentRegion = en;
			hasScannedForEncodings = 0;
			knownRegions = (
				en,
				Base,
			);
			mainGroup = 18CB475C28F93CAB00595770;
			productRefGroup = 18CB476628F93CAB00595770 /* Products */;
			projectDirPath = "";
			projectRoot = "";
			targets = (
				18CB476428F93CAB00595770 /* SinglePage */,
				18CB477428F93CB200595770 /* SinglePageTests */,
				18CB477E28F93CB200595770 /* SinglePageUITests */,
			);
		};
/* End PBXProject section */

/* Begin PBXResourcesBuildPhase section */
		18CB476328F93CAB00595770 /* Resources */ = {
			isa = PBXResourcesBuildPhase;
			buildActionMask = 2147483647;
			files = (
				18CB477028F93CB100595770 /* Preview Assets.xcassets in Resources */,
				18CB476D28F93CB100595770 /* Assets.xcassets in Resources */,
			);
			runOnlyForDeploymentPostprocessing = 0;
		};
		18CB477328F93CB200595770 /* Resources */ = {
			isa = PBXResourcesBuildPhase;
			buildActionMask = 2147483647;
			files = (
			);
			runOnlyForDeploymentPostprocessing = 0;
		};
		18CB477D28F93CB200595770 /* Resources */ = {
			isa = PBXResourcesBuildPhase;
			buildActionMask = 2147483647;
			files = (
			);
			runOnlyForDeploymentPostprocessing = 0;
		};
/* End PBXResourcesBuildPhase section */

/* Begin PBXSourcesBuildPhase section */
		18CB476128F93CAB00595770 /* Sources */ = {
			isa = PBXSourcesBuildPhase;
			buildActionMask = 2147483647;
			files = (
				183ABFE328F956BF00987970 /* DataModel.swift in Sources */,
				18CB476B28F93CAB00595770 /* ContentView.swift in Sources */,
				18CB479328F93ED400595770 /* AboutView.swift in Sources */,
				183ABFE928F95EFC00987970 /* GridItemView.swift in Sources */,
				18CB476928F93CAB00595770 /* SinglePageApp.swift in Sources */,
				18CB479528F9400100595770 /* BooksView.swift in Sources */,
				183ABFE728F959B900987970 /* FileManagerExtensions.swift in Sources */,
			);
			runOnlyForDeploymentPostprocessing = 0;
		};
		18CB477128F93CB200595770 /* Sources */ = {
			isa = PBXSourcesBuildPhase;
			buildActionMask = 2147483647;
			files = (
				18CB477A28F93CB200595770 /* SinglePageTests.swift in Sources */,
			);
			runOnlyForDeploymentPostprocessing = 0;
		};
		18CB477B28F93CB200595770 /* Sources */ = {
			isa = PBXSourcesBuildPhase;
			buildActionMask = 2147483647;
			files = (
				18CB478428F93CB200595770 /* SinglePageUITests.swift in Sources */,
				18CB478628F93CB200595770 /* SinglePageUITestsLaunchTests.swift in Sources */,
			);
			runOnlyForDeploymentPostprocessing = 0;
		};
/* End PBXSourcesBuildPhase section */

/* Begin PBXTargetDependency section */
		18CB477728F93CB200595770 /* PBXTargetDependency */ = {
			isa = PBXTargetDependency;
			target = 18CB476428F93CAB00595770 /* SinglePage */;
			targetProxy = 18CB477628F93CB200595770 /* PBXContainerItemProxy */;
		};
		18CB478128F93CB200595770 /* PBXTargetDependency */ = {
			isa = PBXTargetDependency;
			target = 18CB476428F93CAB00595770 /* SinglePage */;
			targetProxy = 18CB478028F93CB200595770 /* PBXContainerItemProxy */;
		};
/* End PBXTargetDependency section */

/* Begin XCBuildConfiguration section */
		18CB478728F93CB200595770 /* Debug */ = {
			isa = XCBuildConfiguration;
			buildSettings = {
				ALWAYS_SEARCH_USER_PATHS = NO;
				CLANG_ANALYZER_NONNULL = YES;
				CLANG_ANALYZER_NUMBER_OBJECT_CONVERSION = YES_AGGRESSIVE;
				CLANG_CXX_LANGUAGE_STANDARD = "gnu++20";
				CLANG_ENABLE_MODULES = YES;
				CLANG_ENABLE_OBJC_ARC = YES;
				CLANG_ENABLE_OBJC_WEAK = YES;
				CLANG_WARN_BLOCK_CAPTURE_AUTORELEASING = YES;
				CLANG_WARN_BOOL_CONVERSION = YES;
				CLANG_WARN_COMMA = YES;
				CLANG_WARN_CONSTANT_CONVERSION = YES;
				CLANG_WARN_DEPRECATED_OBJC_IMPLEMENTATIONS = YES;
				CLANG_WARN_DIRECT_OBJC_ISA_USAGE = YES_ERROR;
				CLANG_WARN_DOCUMENTATION_COMMENTS = YES;
				CLANG_WARN_EMPTY_BODY = YES;
				CLANG_WARN_ENUM_CONVERSION = YES;
				CLANG_WARN_INFINITE_RECURSION = YES;
				CLANG_WARN_INT_CONVERSION = YES;
				CLANG_WARN_NON_LITERAL_NULL_CONVERSION = YES;
				CLANG_WARN_OBJC_IMPLICIT_RETAIN_SELF = YES;
				CLANG_WARN_OBJC_LITERAL_CONVERSION = YES;
				CLANG_WARN_OBJC_ROOT_CLASS = YES_ERROR;
				CLANG_WARN_QUOTED_INCLUDE_IN_FRAMEWORK_HEADER = YES;
				CLANG_WARN_RANGE_LOOP_ANALYSIS = YES;
				CLANG_WARN_STRICT_PROTOTYPES = YES;
				CLANG_WARN_SUSPICIOUS_MOVE = YES;
				CLANG_WARN_UNGUARDED_AVAILABILITY = YES_AGGRESSIVE;
				CLANG_WARN_UNREACHABLE_CODE = YES;
				CLANG_WARN__DUPLICATE_METHOD_MATCH = YES;
				COPY_PHASE_STRIP = NO;
				DEBUG_INFORMATION_FORMAT = dwarf;
				ENABLE_STRICT_OBJC_MSGSEND = YES;
				ENABLE_TESTABILITY = YES;
				GCC_C_LANGUAGE_STANDARD = gnu11;
				GCC_DYNAMIC_NO_PIC = NO;
				GCC_NO_COMMON_BLOCKS = YES;
				GCC_OPTIMIZATION_LEVEL = 0;
				GCC_PREPROCESSOR_DEFINITIONS = (
					"DEBUG=1",
					"$(inherited)",
				);
				GCC_WARN_64_TO_32_BIT_CONVERSION = YES;
				GCC_WARN_ABOUT_RETURN_TYPE = YES_ERROR;
				GCC_WARN_UNDECLARED_SELECTOR = YES;
				GCC_WARN_UNINITIALIZED_AUTOS = YES_AGGRESSIVE;
				GCC_WARN_UNUSED_FUNCTION = YES;
				GCC_WARN_UNUSED_VARIABLE = YES;
				IPHONEOS_DEPLOYMENT_TARGET = 16.0;
				MTL_ENABLE_DEBUG_INFO = INCLUDE_SOURCE;
				MTL_FAST_MATH = YES;
				ONLY_ACTIVE_ARCH = YES;
				SDKROOT = iphoneos;
				SWIFT_ACTIVE_COMPILATION_CONDITIONS = DEBUG;
				SWIFT_OPTIMIZATION_LEVEL = "-Onone";
			};
			name = Debug;
		};
		18CB478828F93CB200595770 /* Release */ = {
			isa = XCBuildConfiguration;
			buildSettings = {
				ALWAYS_SEARCH_USER_PATHS = NO;
				CLANG_ANALYZER_NONNULL = YES;
				CLANG_ANALYZER_NUMBER_OBJECT_CONVERSION = YES_AGGRESSIVE;
				CLANG_CXX_LANGUAGE_STANDARD = "gnu++20";
				CLANG_ENABLE_MODULES = YES;
				CLANG_ENABLE_OBJC_ARC = YES;
				CLANG_ENABLE_OBJC_WEAK = YES;
				CLANG_WARN_BLOCK_CAPTURE_AUTORELEASING = YES;
				CLANG_WARN_BOOL_CONVERSION = YES;
				CLANG_WARN_COMMA = YES;
				CLANG_WARN_CONSTANT_CONVERSION = YES;
				CLANG_WARN_DEPRECATED_OBJC_IMPLEMENTATIONS = YES;
				CLANG_WARN_DIRECT_OBJC_ISA_USAGE = YES_ERROR;
				CLANG_WARN_DOCUMENTATION_COMMENTS = YES;
				CLANG_WARN_EMPTY_BODY = YES;
				CLANG_WARN_ENUM_CONVERSION = YES;
				CLANG_WARN_INFINITE_RECURSION = YES;
				CLANG_WARN_INT_CONVERSION = YES;
				CLANG_WARN_NON_LITERAL_NULL_CONVERSION = YES;
				CLANG_WARN_OBJC_IMPLICIT_RETAIN_SELF = YES;
				CLANG_WARN_OBJC_LITERAL_CONVERSION = YES;
				CLANG_WARN_OBJC_ROOT_CLASS = YES_ERROR;
				CLANG_WARN_QUOTED_INCLUDE_IN_FRAMEWORK_HEADER = YES;
				CLANG_WARN_RANGE_LOOP_ANALYSIS = YES;
				CLANG_WARN_STRICT_PROTOTYPES = YES;
				CLANG_WARN_SUSPICIOUS_MOVE = YES;
				CLANG_WARN_UNGUARDED_AVAILABILITY = YES_AGGRESSIVE;
				CLANG_WARN_UNREACHABLE_CODE = YES;
				CLANG_WARN__DUPLICATE_METHOD_MATCH = YES;
				COPY_PHASE_STRIP = NO;
				DEBUG_INFORMATION_FORMAT = "dwarf-with-dsym";
				ENABLE_NS_ASSERTIONS = NO;
				ENABLE_STRICT_OBJC_MSGSEND = YES;
				GCC_C_LANGUAGE_STANDARD = gnu11;
				GCC_NO_COMMON_BLOCKS = YES;
				GCC_WARN_64_TO_32_BIT_CONVERSION = YES;
				GCC_WARN_ABOUT_RETURN_TYPE = YES_ERROR;
				GCC_WARN_UNDECLARED_SELECTOR = YES;
				GCC_WARN_UNINITIALIZED_AUTOS = YES_AGGRESSIVE;
				GCC_WARN_UNUSED_FUNCTION = YES;
				GCC_WARN_UNUSED_VARIABLE = YES;
				IPHONEOS_DEPLOYMENT_TARGET = 16.0;
				MTL_ENABLE_DEBUG_INFO = NO;
				MTL_FAST_MATH = YES;
				SDKROOT = iphoneos;
				SWIFT_COMPILATION_MODE = wholemodule;
				SWIFT_OPTIMIZATION_LEVEL = "-O";
				VALIDATE_PRODUCT = YES;
			};
			name = Release;
		};
		18CB478A28F93CB200595770 /* Debug */ = {
			isa = XCBuildConfiguration;
			buildSettings = {
				ASSETCATALOG_COMPILER_APPICON_NAME = AppIcon;
				ASSETCATALOG_COMPILER_GLOBAL_ACCENT_COLOR_NAME = AccentColor;
				CODE_SIGN_STYLE = Automatic;
				CURRENT_PROJECT_VERSION = 1;
				DEVELOPMENT_ASSET_PATHS = "\"SinglePage/Preview Content\"";
				ENABLE_PREVIEWS = YES;
				GENERATE_INFOPLIST_FILE = YES;
				INFOPLIST_KEY_UIApplicationSceneManifest_Generation = YES;
				INFOPLIST_KEY_UIApplicationSupportsIndirectInputEvents = YES;
				INFOPLIST_KEY_UILaunchScreen_Generation = YES;
				INFOPLIST_KEY_UISupportedInterfaceOrientations_iPad = "UIInterfaceOrientationPortrait UIInterfaceOrientationPortraitUpsideDown UIInterfaceOrientationLandscapeLeft UIInterfaceOrientationLandscapeRight";
				INFOPLIST_KEY_UISupportedInterfaceOrientations_iPhone = "UIInterfaceOrientationPortrait UIInterfaceOrientationLandscapeLeft UIInterfaceOrientationLandscapeRight";
				LD_RUNPATH_SEARCH_PATHS = (
					"$(inherited)",
					"@executable_path/Frameworks",
				);
				MARKETING_VERSION = 1.0;
				PRODUCT_BUNDLE_IDENTIFIER = "-234.SinglePage";
				PRODUCT_NAME = "$(TARGET_NAME)";
				SWIFT_EMIT_LOC_STRINGS = YES;
				SWIFT_VERSION = 5.0;
				TARGETED_DEVICE_FAMILY = "1,2";
			};
			name = Debug;
		};
		18CB478B28F93CB200595770 /* Release */ = {
			isa = XCBuildConfiguration;
			buildSettings = {
				ASSETCATALOG_COMPILER_APPICON_NAME = AppIcon;
				ASSETCATALOG_COMPILER_GLOBAL_ACCENT_COLOR_NAME = AccentColor;
				CODE_SIGN_STYLE = Automatic;
				CURRENT_PROJECT_VERSION = 1;
				DEVELOPMENT_ASSET_PATHS = "\"SinglePage/Preview Content\"";
				ENABLE_PREVIEWS = YES;
				GENERATE_INFOPLIST_FILE = YES;
				INFOPLIST_KEY_UIApplicationSceneManifest_Generation = YES;
				INFOPLIST_KEY_UIApplicationSupportsIndirectInputEvents = YES;
				INFOPLIST_KEY_UILaunchScreen_Generation = YES;
				INFOPLIST_KEY_UISupportedInterfaceOrientations_iPad = "UIInterfaceOrientationPortrait UIInterfaceOrientationPortraitUpsideDown UIInterfaceOrientationLandscapeLeft UIInterfaceOrientationLandscapeRight";
				INFOPLIST_KEY_UISupportedInterfaceOrientations_iPhone = "UIInterfaceOrientationPortrait UIInterfaceOrientationLandscapeLeft UIInterfaceOrientationLandscapeRight";
				LD_RUNPATH_SEARCH_PATHS = (
					"$(inherited)",
					"@executable_path/Frameworks",
				);
				MARKETING_VERSION = 1.0;
				PRODUCT_BUNDLE_IDENTIFIER = "-234.SinglePage";
				PRODUCT_NAME = "$(TARGET_NAME)";
				SWIFT_EMIT_LOC_STRINGS = YES;
				SWIFT_VERSION = 5.0;
				TARGETED_DEVICE_FAMILY = "1,2";
			};
			name = Release;
		};
		18CB478D28F93CB200595770 /* Debug */ = {
			isa = XCBuildConfiguration;
			buildSettings = {
				ALWAYS_EMBED_SWIFT_STANDARD_LIBRARIES = YES;
				BUNDLE_LOADER = "$(TEST_HOST)";
				CODE_SIGN_STYLE = Automatic;
				CURRENT_PROJECT_VERSION = 1;
				GENERATE_INFOPLIST_FILE = YES;
				IPHONEOS_DEPLOYMENT_TARGET = 16.0;
				MARKETING_VERSION = 1.0;
				PRODUCT_BUNDLE_IDENTIFIER = "-234.SinglePageTests";
				PRODUCT_NAME = "$(TARGET_NAME)";
				SWIFT_EMIT_LOC_STRINGS = NO;
				SWIFT_VERSION = 5.0;
				TARGETED_DEVICE_FAMILY = "1,2";
				TEST_HOST = "$(BUILT_PRODUCTS_DIR)/SinglePage.app/$(BUNDLE_EXECUTABLE_FOLDER_PATH)/SinglePage";
			};
			name = Debug;
		};
		18CB478E28F93CB200595770 /* Release */ = {
			isa = XCBuildConfiguration;
			buildSettings = {
				ALWAYS_EMBED_SWIFT_STANDARD_LIBRARIES = YES;
				BUNDLE_LOADER = "$(TEST_HOST)";
				CODE_SIGN_STYLE = Automatic;
				CURRENT_PROJECT_VERSION = 1;
				GENERATE_INFOPLIST_FILE = YES;
				IPHONEOS_DEPLOYMENT_TARGET = 16.0;
				MARKETING_VERSION = 1.0;
				PRODUCT_BUNDLE_IDENTIFIER = "-234.SinglePageTests";
				PRODUCT_NAME = "$(TARGET_NAME)";
				SWIFT_EMIT_LOC_STRINGS = NO;
				SWIFT_VERSION = 5.0;
				TARGETED_DEVICE_FAMILY = "1,2";
				TEST_HOST = "$(BUILT_PRODUCTS_DIR)/SinglePage.app/$(BUNDLE_EXECUTABLE_FOLDER_PATH)/SinglePage";
			};
			name = Release;
		};
		18CB479028F93CB200595770 /* Debug */ = {
			isa = XCBuildConfiguration;
			buildSettings = {
				ALWAYS_EMBED_SWIFT_STANDARD_LIBRARIES = YES;
				CODE_SIGN_STYLE = Automatic;
				CURRENT_PROJECT_VERSION = 1;
				GENERATE_INFOPLIST_FILE = YES;
				MARKETING_VERSION = 1.0;
				PRODUCT_BUNDLE_IDENTIFIER = "-234.SinglePageUITests";
				PRODUCT_NAME = "$(TARGET_NAME)";
				SWIFT_EMIT_LOC_STRINGS = NO;
				SWIFT_VERSION = 5.0;
				TARGETED_DEVICE_FAMILY = "1,2";
				TEST_TARGET_NAME = SinglePage;
			};
			name = Debug;
		};
		18CB479128F93CB200595770 /* Release */ = {
			isa = XCBuildConfiguration;
			buildSettings = {
				ALWAYS_EMBED_SWIFT_STANDARD_LIBRARIES = YES;
				CODE_SIGN_STYLE = Automatic;
				CURRENT_PROJECT_VERSION = 1;
				GENERATE_INFOPLIST_FILE = YES;
				MARKETING_VERSION = 1.0;
				PRODUCT_BUNDLE_IDENTIFIER = "-234.SinglePageUITests";
				PRODUCT_NAME = "$(TARGET_NAME)";
				SWIFT_EMIT_LOC_STRINGS = NO;
				SWIFT_VERSION = 5.0;
				TARGETED_DEVICE_FAMILY = "1,2";
				TEST_TARGET_NAME = SinglePage;
			};
			name = Release;
		};
/* End XCBuildConfiguration section */

/* Begin XCConfigurationList section */
		18CB476028F93CAB00595770 /* Build configuration list for PBXProject "SinglePage" */ = {
			isa = XCConfigurationList;
			buildConfigurations = (
				18CB478728F93CB200595770 /* Debug */,
				18CB478828F93CB200595770 /* Release */,
			);
			defaultConfigurationIsVisible = 0;
			defaultConfigurationName = Release;
		};
		18CB478928F93CB200595770 /* Build configuration list for PBXNativeTarget "SinglePage" */ = {
			isa = XCConfigurationList;
			buildConfigurations = (
				18CB478A28F93CB200595770 /* Debug */,
				18CB478B28F93CB200595770 /* Release */,
			);
			defaultConfigurationIsVisible = 0;
			defaultConfigurationName = Release;
		};
		18CB478C28F93CB200595770 /* Build configuration list for PBXNativeTarget "SinglePageTests" */ = {
			isa = XCConfigurationList;
			buildConfigurations = (
				18CB478D28F93CB200595770 /* Debug */,
				18CB478E28F93CB200595770 /* Release */,
			);
			defaultConfigurationIsVisible = 0;
			defaultConfigurationName = Release;
		};
		18CB478F28F93CB200595770 /* Build configuration list for PBXNativeTarget "SinglePageUITests" */ = {
			isa = XCConfigurationList;
			buildConfigurations = (
				18CB479028F93CB200595770 /* Debug */,
				18CB479128F93CB200595770 /* Release */,
			);
			defaultConfigurationIsVisible = 0;
			defaultConfigurationName = Release;
		};
/* End XCConfigurationList section */
	};
	rootObject = 18CB475D28F93CAB00595770 /* Project object */;
}
